{
  "name": "child2",
  "version": "1.0.0",
  "lockfileVersion": 1,
  "requires": true,
  "dependencies": {
    "rambda": {
      "version": "2.3.1",
      "resolved": "https://registry.npmjs.org/rambda/-/rambda-2.3.1.tgz",
      "integrity": "sha512-HSFkU+DEB4Y3iCzfeyGKQAYA+kscuCkasAq0JbdZPYvYNMia6kYBIGGBLkZGqtl9r9yhdqOwZFDZhgn0TAPvkQ=="
    }
  }
}
